// !$*UTF8*$!
{
	archiveVersion = 1;
	classes = {
	};
	objectVersion = 46;
	objects = {

/* Begin PBXBuildFile section */
		6F3EA84E142779AF00366E22 /* ABPadLockScreen.m in Sources */ = {isa = PBXBuildFile; fileRef = 6F3EA84D142779AF00366E22 /* ABPadLockScreen.m */; };
		6F3EA86B14277A0600366E22 /* ABPADLOCK-0-selected.png in Resources */ = {isa = PBXBuildFile; fileRef = 6F3EA85014277A0600366E22 /* ABPADLOCK-0-selected.png */; };
		6F3EA86C14277A0600366E22 /* ABPADLOCK-0.png in Resources */ = {isa = PBXBuildFile; fileRef = 6F3EA85114277A0600366E22 /* ABPADLOCK-0.png */; };
		6F3EA86D14277A0600366E22 /* ABPADLOCK-1-selected.png in Resources */ = {isa = PBXBuildFile; fileRef = 6F3EA85214277A0600366E22 /* ABPADLOCK-1-selected.png */; };
		6F3EA86E14277A0600366E22 /* ABPADLOCK-1.png in Resources */ = {isa = PBXBuildFile; fileRef = 6F3EA85314277A0600366E22 /* ABPADLOCK-1.png */; };
		6F3EA86F14277A0600366E22 /* ABPADLOCK-2-selected.png in Resources */ = {isa = PBXBuildFile; fileRef = 6F3EA85414277A0600366E22 /* ABPADLOCK-2-selected.png */; };
		6F3EA87014277A0600366E22 /* ABPADLOCK-2.png in Resources */ = {isa = PBXBuildFile; fileRef = 6F3EA85514277A0600366E22 /* ABPADLOCK-2.png */; };
		6F3EA87114277A0600366E22 /* ABPADLOCK-3-selected.png in Resources */ = {isa = PBXBuildFile; fileRef = 6F3EA85614277A0600366E22 /* ABPADLOCK-3-selected.png */; };
		6F3EA87214277A0600366E22 /* ABPADLOCK-3.png in Resources */ = {isa = PBXBuildFile; fileRef = 6F3EA85714277A0600366E22 /* ABPADLOCK-3.png */; };
		6F3EA87314277A0600366E22 /* ABPADLOCK-4-selected.png in Resources */ = {isa = PBXBuildFile; fileRef = 6F3EA85814277A0600366E22 /* ABPADLOCK-4-selected.png */; };
		6F3EA87414277A0600366E22 /* ABPADLOCK-4.png in Resources */ = {isa = PBXBuildFile; fileRef = 6F3EA85914277A0600366E22 /* ABPADLOCK-4.png */; };
		6F3EA87514277A0600366E22 /* ABPADLOCK-5-selected.png in Resources */ = {isa = PBXBuildFile; fileRef = 6F3EA85A14277A0600366E22 /* ABPADLOCK-5-selected.png */; };
		6F3EA87614277A0600366E22 /* ABPADLOCK-5.png in Resources */ = {isa = PBXBuildFile; fileRef = 6F3EA85B14277A0600366E22 /* ABPADLOCK-5.png */; };
		6F3EA87714277A0600366E22 /* ABPADLOCK-6-selected.png in Resources */ = {isa = PBXBuildFile; fileRef = 6F3EA85C14277A0600366E22 /* ABPADLOCK-6-selected.png */; };
		6F3EA87814277A0600366E22 /* ABPADLOCK-6.png in Resources */ = {isa = PBXBuildFile; fileRef = 6F3EA85D14277A0600366E22 /* ABPADLOCK-6.png */; };
		6F3EA87914277A0600366E22 /* ABPADLOCK-7-selected.png in Resources */ = {isa = PBXBuildFile; fileRef = 6F3EA85E14277A0600366E22 /* ABPADLOCK-7-selected.png */; };
		6F3EA87A14277A0600366E22 /* ABPADLOCK-7.png in Resources */ = {isa = PBXBuildFile; fileRef = 6F3EA85F14277A0600366E22 /* ABPADLOCK-7.png */; };
		6F3EA87B14277A0600366E22 /* ABPADLOCK-8-selected.png in Resources */ = {isa = PBXBuildFile; fileRef = 6F3EA86014277A0600366E22 /* ABPADLOCK-8-selected.png */; };
		6F3EA87C14277A0600366E22 /* ABPADLOCK-8.png in Resources */ = {isa = PBXBuildFile; fileRef = 6F3EA86114277A0600366E22 /* ABPADLOCK-8.png */; };
		6F3EA87D14277A0600366E22 /* ABPADLOCK-9-selected.png in Resources */ = {isa = PBXBuildFile; fileRef = 6F3EA86214277A0600366E22 /* ABPADLOCK-9-selected.png */; };
		6F3EA87E14277A0600366E22 /* ABPADLOCK-9.png in Resources */ = {isa = PBXBuildFile; fileRef = 6F3EA86314277A0600366E22 /* ABPADLOCK-9.png */; };
		6F3EA87F14277A0600366E22 /* ABPADLOCK-background.png in Resources */ = {isa = PBXBuildFile; fileRef = 6F3EA86414277A0600366E22 /* ABPADLOCK-background.png */; };
		6F3EA88014277A0600366E22 /* ABPADLOCK-blank.png in Resources */ = {isa = PBXBuildFile; fileRef = 6F3EA86514277A0600366E22 /* ABPADLOCK-blank.png */; };
		6F3EA88114277A0600366E22 /* ABPADLOCK-clear-selected.png in Resources */ = {isa = PBXBuildFile; fileRef = 6F3EA86614277A0600366E22 /* ABPADLOCK-clear-selected.png */; };
		6F3EA88214277A0600366E22 /* ABPADLOCK-clear.png in Resources */ = {isa = PBXBuildFile; fileRef = 6F3EA86714277A0600366E22 /* ABPADLOCK-clear.png */; };
		6F3EA88314277A0600366E22 /* ABPADLOCK-close.png in Resources */ = {isa = PBXBuildFile; fileRef = 6F3EA86814277A0600366E22 /* ABPADLOCK-close.png */; };
		6F3EA88414277A0600366E22 /* ABPADLOCK-error-box.png in Resources */ = {isa = PBXBuildFile; fileRef = 6F3EA86914277A0600366E22 /* ABPADLOCK-error-box.png */; };
		6F3EA88514277A0600366E22 /* ABPADLOCK-input.png in Resources */ = {isa = PBXBuildFile; fileRef = 6F3EA86A14277A0600366E22 /* ABPADLOCK-input.png */; };
		9CB9EFC2141A2641003B990E /* UIKit.framework in Frameworks */ = {isa = PBXBuildFile; fileRef = 9CB9EFC1141A2641003B990E /* UIKit.framework */; };
		9CB9EFC4141A2641003B990E /* Foundation.framework in Frameworks */ = {isa = PBXBuildFile; fileRef = 9CB9EFC3141A2641003B990E /* Foundation.framework */; };
		9CB9EFC6141A2641003B990E /* CoreGraphics.framework in Frameworks */ = {isa = PBXBuildFile; fileRef = 9CB9EFC5141A2641003B990E /* CoreGraphics.framework */; };
		9CB9EFCC141A2641003B990E /* InfoPlist.strings in Resources */ = {isa = PBXBuildFile; fileRef = 9CB9EFCA141A2641003B990E /* InfoPlist.strings */; };
		9CB9EFCE141A2641003B990E /* main.m in Sources */ = {isa = PBXBuildFile; fileRef = 9CB9EFCD141A2641003B990E /* main.m */; };
		9CB9EFD2141A2641003B990E /* ABPadLockScreenAppDelegate.m in Sources */ = {isa = PBXBuildFile; fileRef = 9CB9EFD1141A2641003B990E /* ABPadLockScreenAppDelegate.m */; };
		9CB9EFD5141A2641003B990E /* MainWindow.xib in Resources */ = {isa = PBXBuildFile; fileRef = 9CB9EFD3141A2641003B990E /* MainWindow.xib */; };
		9CB9EFE3141A2672003B990E /* YourViewController.m in Sources */ = {isa = PBXBuildFile; fileRef = 9CB9EFE2141A2672003B990E /* YourViewController.m */; };
/* End PBXBuildFile section */

/* Begin PBXFileReference section */
		6F3EA84C142779AF00366E22 /* ABPadLockScreen.h */ = {isa = PBXFileReference; fileEncoding = 4; lastKnownFileType = sourcecode.c.h; name = ABPadLockScreen.h; path = ../ABLockScreen/ABPadLockScreen.h; sourceTree = "<group>"; };
		6F3EA84D142779AF00366E22 /* ABPadLockScreen.m */ = {isa = PBXFileReference; fileEncoding = 4; lastKnownFileType = sourcecode.c.objc; name = ABPadLockScreen.m; path = ../ABLockScreen/ABPadLockScreen.m; sourceTree = "<group>"; };
		6F3EA85014277A0600366E22 /* ABPADLOCK-0-selected.png */ = {isa = PBXFileReference; lastKnownFileType = image.png; path = "ABPADLOCK-0-selected.png"; sourceTree = "<group>"; };
		6F3EA85114277A0600366E22 /* ABPADLOCK-0.png */ = {isa = PBXFileReference; lastKnownFileType = image.png; path = "ABPADLOCK-0.png"; sourceTree = "<group>"; };
		6F3EA85214277A0600366E22 /* ABPADLOCK-1-selected.png */ = {isa = PBXFileReference; lastKnownFileType = image.png; path = "ABPADLOCK-1-selected.png"; sourceTree = "<group>"; };
		6F3EA85314277A0600366E22 /* ABPADLOCK-1.png */ = {isa = PBXFileReference; lastKnownFileType = image.png; path = "ABPADLOCK-1.png"; sourceTree = "<group>"; };
		6F3EA85414277A0600366E22 /* ABPADLOCK-2-selected.png */ = {isa = PBXFileReference; lastKnownFileType = image.png; path = "ABPADLOCK-2-selected.png"; sourceTree = "<group>"; };
		6F3EA85514277A0600366E22 /* ABPADLOCK-2.png */ = {isa = PBXFileReference; lastKnownFileType = image.png; path = "ABPADLOCK-2.png"; sourceTree = "<group>"; };
		6F3EA85614277A0600366E22 /* ABPADLOCK-3-selected.png */ = {isa = PBXFileReference; lastKnownFileType = image.png; path = "ABPADLOCK-3-selected.png"; sourceTree = "<group>"; };
		6F3EA85714277A0600366E22 /* ABPADLOCK-3.png */ = {isa = PBXFileReference; lastKnownFileType = image.png; path = "ABPADLOCK-3.png"; sourceTree = "<group>"; };
		6F3EA85814277A0600366E22 /* ABPADLOCK-4-selected.png */ = {isa = PBXFileReference; lastKnownFileType = image.png; path = "ABPADLOCK-4-selected.png"; sourceTree = "<group>"; };
		6F3EA85914277A0600366E22 /* ABPADLOCK-4.png */ = {isa = PBXFileReference; lastKnownFileType = image.png; path = "ABPADLOCK-4.png"; sourceTree = "<group>"; };
		6F3EA85A14277A0600366E22 /* ABPADLOCK-5-selected.png */ = {isa = PBXFileReference; lastKnownFileType = image.png; path = "ABPADLOCK-5-selected.png"; sourceTree = "<group>"; };
		6F3EA85B14277A0600366E22 /* ABPADLOCK-5.png */ = {isa = PBXFileReference; lastKnownFileType = image.png; path = "ABPADLOCK-5.png"; sourceTree = "<group>"; };
		6F3EA85C14277A0600366E22 /* ABPADLOCK-6-selected.png */ = {isa = PBXFileReference; lastKnownFileType = image.png; path = "ABPADLOCK-6-selected.png"; sourceTree = "<group>"; };
		6F3EA85D14277A0600366E22 /* ABPADLOCK-6.png */ = {isa = PBXFileReference; lastKnownFileType = image.png; path = "ABPADLOCK-6.png"; sourceTree = "<group>"; };
		6F3EA85E14277A0600366E22 /* ABPADLOCK-7-selected.png */ = {isa = PBXFileReference; lastKnownFileType = image.png; path = "ABPADLOCK-7-selected.png"; sourceTree = "<group>"; };
		6F3EA85F14277A0600366E22 /* ABPADLOCK-7.png */ = {isa = PBXFileReference; lastKnownFileType = image.png; path = "ABPADLOCK-7.png"; sourceTree = "<group>"; };
		6F3EA86014277A0600366E22 /* ABPADLOCK-8-selected.png */ = {isa = PBXFileReference; lastKnownFileType = image.png; path = "ABPADLOCK-8-selected.png"; sourceTree = "<group>"; };
		6F3EA86114277A0600366E22 /* ABPADLOCK-8.png */ = {isa = PBXFileReference; lastKnownFileType = image.png; path = "ABPADLOCK-8.png"; sourceTree = "<group>"; };
		6F3EA86214277A0600366E22 /* ABPADLOCK-9-selected.png */ = {isa = PBXFileReference; lastKnownFileType = image.png; path = "ABPADLOCK-9-selected.png"; sourceTree = "<group>"; };
		6F3EA86314277A0600366E22 /* ABPADLOCK-9.png */ = {isa = PBXFileReference; lastKnownFileType = image.png; path = "ABPADLOCK-9.png"; sourceTree = "<group>"; };
		6F3EA86414277A0600366E22 /* ABPADLOCK-background.png */ = {isa = PBXFileReference; lastKnownFileType = image.png; path = "ABPADLOCK-background.png"; sourceTree = "<group>"; };
		6F3EA86514277A0600366E22 /* ABPADLOCK-blank.png */ = {isa = PBXFileReference; lastKnownFileType = image.png; path = "ABPADLOCK-blank.png"; sourceTree = "<group>"; };
		6F3EA86614277A0600366E22 /* ABPADLOCK-clear-selected.png */ = {isa = PBXFileReference; lastKnownFileType = image.png; path = "ABPADLOCK-clear-selected.png"; sourceTree = "<group>"; };
		6F3EA86714277A0600366E22 /* ABPADLOCK-clear.png */ = {isa = PBXFileReference; lastKnownFileType = image.png; path = "ABPADLOCK-clear.png"; sourceTree = "<group>"; };
		6F3EA86814277A0600366E22 /* ABPADLOCK-close.png */ = {isa = PBXFileReference; lastKnownFileType = image.png; path = "ABPADLOCK-close.png"; sourceTree = "<group>"; };
		6F3EA86914277A0600366E22 /* ABPADLOCK-error-box.png */ = {isa = PBXFileReference; lastKnownFileType = image.png; path = "ABPADLOCK-error-box.png"; sourceTree = "<group>"; };
		6F3EA86A14277A0600366E22 /* ABPADLOCK-input.png */ = {isa = PBXFileReference; lastKnownFileType = image.png; path = "ABPADLOCK-input.png"; sourceTree = "<group>"; };
		9CB9EFBD141A2641003B990E /* ABPadLockScreen.app */ = {isa = PBXFileReference; explicitFileType = wrapper.application; includeInIndex = 0; path = ABPadLockScreen.app; sourceTree = BUILT_PRODUCTS_DIR; };
		9CB9EFC1141A2641003B990E /* UIKit.framework */ = {isa = PBXFileReference; lastKnownFileType = wrapper.framework; name = UIKit.framework; path = System/Library/Frameworks/UIKit.framework; sourceTree = SDKROOT; };
		9CB9EFC3141A2641003B990E /* Foundation.framework */ = {isa = PBXFileReference; lastKnownFileType = wrapper.framework; name = Foundation.framework; path = System/Library/Frameworks/Foundation.framework; sourceTree = SDKROOT; };
		9CB9EFC5141A2641003B990E /* CoreGraphics.framework */ = {isa = PBXFileReference; lastKnownFileType = wrapper.framework; name = CoreGraphics.framework; path = System/Library/Frameworks/CoreGraphics.framework; sourceTree = SDKROOT; };
		9CB9EFC9141A2641003B990E /* ABPadLockScreen-Info.plist */ = {isa = PBXFileReference; lastKnownFileType = text.plist.xml; path = "ABPadLockScreen-Info.plist"; sourceTree = "<group>"; };
		9CB9EFCB141A2641003B990E /* en */ = {isa = PBXFileReference; lastKnownFileType = text.plist.strings; name = en; path = en.lproj/InfoPlist.strings; sourceTree = "<group>"; };
		9CB9EFCD141A2641003B990E /* main.m */ = {isa = PBXFileReference; lastKnownFileType = sourcecode.c.objc; path = main.m; sourceTree = "<group>"; };
		9CB9EFCF141A2641003B990E /* ABPadLockScreen-Prefix.pch */ = {isa = PBXFileReference; lastKnownFileType = sourcecode.c.h; path = "ABPadLockScreen-Prefix.pch"; sourceTree = "<group>"; };
		9CB9EFD0141A2641003B990E /* ABPadLockScreenAppDelegate.h */ = {isa = PBXFileReference; lastKnownFileType = sourcecode.c.h; path = ABPadLockScreenAppDelegate.h; sourceTree = "<group>"; };
		9CB9EFD1141A2641003B990E /* ABPadLockScreenAppDelegate.m */ = {isa = PBXFileReference; lastKnownFileType = sourcecode.c.objc; path = ABPadLockScreenAppDelegate.m; sourceTree = "<group>"; };
		9CB9EFD4141A2641003B990E /* en */ = {isa = PBXFileReference; lastKnownFileType = file.xib; name = en; path = en.lproj/MainWindow.xib; sourceTree = "<group>"; };
		9CB9EFE1141A2672003B990E /* YourViewController.h */ = {isa = PBXFileReference; fileEncoding = 4; lastKnownFileType = sourcecode.c.h; path = YourViewController.h; sourceTree = "<group>"; };
		9CB9EFE2141A2672003B990E /* YourViewController.m */ = {isa = PBXFileReference; fileEncoding = 4; lastKnownFileType = sourcecode.c.objc; path = YourViewController.m; sourceTree = "<group>"; };
/* End PBXFileReference section */

/* Begin PBXFrameworksBuildPhase section */
		9CB9EFBA141A2641003B990E /* Frameworks */ = {
			isa = PBXFrameworksBuildPhase;
			buildActionMask = 2147483647;
			files = (
				9CB9EFC2141A2641003B990E /* UIKit.framework in Frameworks */,
				9CB9EFC4141A2641003B990E /* Foundation.framework in Frameworks */,
				9CB9EFC6141A2641003B990E /* CoreGraphics.framework in Frameworks */,
			);
			runOnlyForDeploymentPostprocessing = 0;
		};
/* End PBXFrameworksBuildPhase section */

/* Begin PBXGroup section */
		6F3EA84B1427799A00366E22 /* ABPadLockScreen */ = {
			isa = PBXGroup;
			children = (
				6F3EA84F14277A0600366E22 /* Assets */,
				6F3EA84C142779AF00366E22 /* ABPadLockScreen.h */,
				6F3EA84D142779AF00366E22 /* ABPadLockScreen.m */,
			);
			name = ABPadLockScreen;
			sourceTree = "<group>";
		};
		6F3EA84F14277A0600366E22 /* Assets */ = {
			isa = PBXGroup;
			children = (
				6F3EA85014277A0600366E22 /* ABPADLOCK-0-selected.png */,
				6F3EA85114277A0600366E22 /* ABPADLOCK-0.png */,
				6F3EA85214277A0600366E22 /* ABPADLOCK-1-selected.png */,
				6F3EA85314277A0600366E22 /* ABPADLOCK-1.png */,
				6F3EA85414277A0600366E22 /* ABPADLOCK-2-selected.png */,
				6F3EA85514277A0600366E22 /* ABPADLOCK-2.png */,
				6F3EA85614277A0600366E22 /* ABPADLOCK-3-selected.png */,
				6F3EA85714277A0600366E22 /* ABPADLOCK-3.png */,
				6F3EA85814277A0600366E22 /* ABPADLOCK-4-selected.png */,
				6F3EA85914277A0600366E22 /* ABPADLOCK-4.png */,
				6F3EA85A14277A0600366E22 /* ABPADLOCK-5-selected.png */,
				6F3EA85B14277A0600366E22 /* ABPADLOCK-5.png */,
				6F3EA85C14277A0600366E22 /* ABPADLOCK-6-selected.png */,
				6F3EA85D14277A0600366E22 /* ABPADLOCK-6.png */,
				6F3EA85E14277A0600366E22 /* ABPADLOCK-7-selected.png */,
				6F3EA85F14277A0600366E22 /* ABPADLOCK-7.png */,
				6F3EA86014277A0600366E22 /* ABPADLOCK-8-selected.png */,
				6F3EA86114277A0600366E22 /* ABPADLOCK-8.png */,
				6F3EA86214277A0600366E22 /* ABPADLOCK-9-selected.png */,
				6F3EA86314277A0600366E22 /* ABPADLOCK-9.png */,
				6F3EA86414277A0600366E22 /* ABPADLOCK-background.png */,
				6F3EA86514277A0600366E22 /* ABPADLOCK-blank.png */,
				6F3EA86614277A0600366E22 /* ABPADLOCK-clear-selected.png */,
				6F3EA86714277A0600366E22 /* ABPADLOCK-clear.png */,
				6F3EA86814277A0600366E22 /* ABPADLOCK-close.png */,
				6F3EA86914277A0600366E22 /* ABPADLOCK-error-box.png */,
				6F3EA86A14277A0600366E22 /* ABPADLOCK-input.png */,
			);
			name = Assets;
			path = ../ABLockScreen/Assets;
			sourceTree = "<group>";
		};
		9CB9EFB2141A2641003B990E = {
			isa = PBXGroup;
			children = (
				6F3EA84B1427799A00366E22 /* ABPadLockScreen */,
				9CB9EFC7141A2641003B990E /* ABPadLockScreenDemo */,
				9CB9EFC8141A2641003B990E /* Supporting Files */,
				9CB9EFC0141A2641003B990E /* Frameworks */,
				9CB9EFBE141A2641003B990E /* Products */,
			);
			sourceTree = "<group>";
		};
		9CB9EFBE141A2641003B990E /* Products */ = {
			isa = PBXGroup;
			children = (
				9CB9EFBD141A2641003B990E /* ABPadLockScreen.app */,
			);
			name = Products;
			sourceTree = "<group>";
		};
		9CB9EFC0141A2641003B990E /* Frameworks */ = {
			isa = PBXGroup;
			children = (
				9CB9EFC1141A2641003B990E /* UIKit.framework */,
				9CB9EFC3141A2641003B990E /* Foundation.framework */,
				9CB9EFC5141A2641003B990E /* CoreGraphics.framework */,
			);
			name = Frameworks;
			sourceTree = "<group>";
		};
		9CB9EFC7141A2641003B990E /* ABPadLockScreenDemo */ = {
			isa = PBXGroup;
			children = (
				9CB9EFD0141A2641003B990E /* ABPadLockScreenAppDelegate.h */,
				9CB9EFD1141A2641003B990E /* ABPadLockScreenAppDelegate.m */,
				9CB9EFE1141A2672003B990E /* YourViewController.h */,
				9CB9EFE2141A2672003B990E /* YourViewController.m */,
				9CB9EFD3141A2641003B990E /* MainWindow.xib */,
			);
			name = ABPadLockScreenDemo;
			path = ABPadLockScreen;
			sourceTree = "<group>";
		};
		9CB9EFC8141A2641003B990E /* Supporting Files */ = {
			isa = PBXGroup;
			children = (
				9CB9EFC9141A2641003B990E /* ABPadLockScreen-Info.plist */,
				9CB9EFCA141A2641003B990E /* InfoPlist.strings */,
				9CB9EFCD141A2641003B990E /* main.m */,
				9CB9EFCF141A2641003B990E /* ABPadLockScreen-Prefix.pch */,
			);
			name = "Supporting Files";
			path = ABPadLockScreen;
			sourceTree = "<group>";
		};
/* End PBXGroup section */

/* Begin PBXNativeTarget section */
		9CB9EFBC141A2641003B990E /* ABPadLockScreen */ = {
			isa = PBXNativeTarget;
			buildConfigurationList = 9CB9EFDE141A2641003B990E /* Build configuration list for PBXNativeTarget "ABPadLockScreen" */;
			buildPhases = (
				9CB9EFB9141A2641003B990E /* Sources */,
				9CB9EFBA141A2641003B990E /* Frameworks */,
				9CB9EFBB141A2641003B990E /* Resources */,
			);
			buildRules = (
			);
			dependencies = (
			);
			name = ABPadLockScreen;
			productName = ABPadLockScreen;
			productReference = 9CB9EFBD141A2641003B990E /* ABPadLockScreen.app */;
			productType = "com.apple.product-type.application";
		};
/* End PBXNativeTarget section */

/* Begin PBXProject section */
		9CB9EFB4141A2641003B990E /* Project object */ = {
			isa = PBXProject;
			attributes = {
				ORGANIZATIONNAME = "Aron's IT Consultancy";
			};
			buildConfigurationList = 9CB9EFB7141A2641003B990E /* Build configuration list for PBXProject "ABPadLockScreen" */;
			compatibilityVersion = "Xcode 3.2";
			developmentRegion = English;
			hasScannedForEncodings = 0;
			knownRegions = (
				en,
			);
			mainGroup = 9CB9EFB2141A2641003B990E;
			productRefGroup = 9CB9EFBE141A2641003B990E /* Products */;
			projectDirPath = "";
			projectRoot = "";
			targets = (
				9CB9EFBC141A2641003B990E /* ABPadLockScreen */,
			);
		};
/* End PBXProject section */

/* Begin PBXResourcesBuildPhase section */
		9CB9EFBB141A2641003B990E /* Resources */ = {
			isa = PBXResourcesBuildPhase;
			buildActionMask = 2147483647;
			files = (
				9CB9EFCC141A2641003B990E /* InfoPlist.strings in Resources */,
				9CB9EFD5141A2641003B990E /* MainWindow.xib in Resources */,
				6F3EA86B14277A0600366E22 /* ABPADLOCK-0-selected.png in Resources */,
				6F3EA86C14277A0600366E22 /* ABPADLOCK-0.png in Resources */,
				6F3EA86D14277A0600366E22 /* ABPADLOCK-1-selected.png in Resources */,
				6F3EA86E14277A0600366E22 /* ABPADLOCK-1.png in Resources */,
				6F3EA86F14277A0600366E22 /* ABPADLOCK-2-selected.png in Resources */,
				6F3EA87014277A0600366E22 /* ABPADLOCK-2.png in Resources */,
				6F3EA87114277A0600366E22 /* ABPADLOCK-3-selected.png in Resources */,
				6F3EA87214277A0600366E22 /* ABPADLOCK-3.png in Resources */,
				6F3EA87314277A0600366E22 /* ABPADLOCK-4-selected.png in Resources */,
				6F3EA87414277A0600366E22 /* ABPADLOCK-4.png in Resources */,
				6F3EA87514277A0600366E22 /* ABPADLOCK-5-selected.png in Resources */,
				6F3EA87614277A0600366E22 /* ABPADLOCK-5.png in Resources */,
				6F3EA87714277A0600366E22 /* ABPADLOCK-6-selected.png in Resources */,
				6F3EA87814277A0600366E22 /* ABPADLOCK-6.png in Resources */,
				6F3EA87914277A0600366E22 /* ABPADLOCK-7-selected.png in Resources */,
				6F3EA87A14277A0600366E22 /* ABPADLOCK-7.png in Resources */,
				6F3EA87B14277A0600366E22 /* ABPADLOCK-8-selected.png in Resources */,
				6F3EA87C14277A0600366E22 /* ABPADLOCK-8.png in Resources */,
				6F3EA87D14277A0600366E22 /* ABPADLOCK-9-selected.png in Resources */,
				6F3EA87E14277A0600366E22 /* ABPADLOCK-9.png in Resources */,
				6F3EA87F14277A0600366E22 /* ABPADLOCK-background.png in Resources */,
				6F3EA88014277A0600366E22 /* ABPADLOCK-blank.png in Resources */,
				6F3EA88114277A0600366E22 /* ABPADLOCK-clear-selected.png in Resources */,
				6F3EA88214277A0600366E22 /* ABPADLOCK-clear.png in Resources */,
				6F3EA88314277A0600366E22 /* ABPADLOCK-close.png in Resources */,
				6F3EA88414277A0600366E22 /* ABPADLOCK-error-box.png in Resources */,
				6F3EA88514277A0600366E22 /* ABPADLOCK-input.png in Resources */,
			);
			runOnlyForDeploymentPostprocessing = 0;
		};
/* End PBXResourcesBuildPhase section */

/* Begin PBXSourcesBuildPhase section */
		9CB9EFB9141A2641003B990E /* Sources */ = {
			isa = PBXSourcesBuildPhase;
			buildActionMask = 2147483647;
			files = (
				9CB9EFCE141A2641003B990E /* main.m in Sources */,
				9CB9EFD2141A2641003B990E /* ABPadLockScreenAppDelegate.m in Sources */,
				9CB9EFE3141A2672003B990E /* YourViewController.m in Sources */,
				6F3EA84E142779AF00366E22 /* ABPadLockScreen.m in Sources */,
			);
			runOnlyForDeploymentPostprocessing = 0;
		};
/* End PBXSourcesBuildPhase section */

/* Begin PBXVariantGroup section */
		9CB9EFCA141A2641003B990E /* InfoPlist.strings */ = {
			isa = PBXVariantGroup;
			children = (
				9CB9EFCB141A2641003B990E /* en */,
			);
			name = InfoPlist.strings;
			sourceTree = "<group>";
		};
		9CB9EFD3141A2641003B990E /* MainWindow.xib */ = {
			isa = PBXVariantGroup;
			children = (
				9CB9EFD4141A2641003B990E /* en */,
			);
			name = MainWindow.xib;
			sourceTree = "<group>";
		};
/* End PBXVariantGroup section */

/* Begin XCBuildConfiguration section */
		9CB9EFDC141A2641003B990E /* Debug */ = {
			isa = XCBuildConfiguration;
			buildSettings = {
				ALWAYS_SEARCH_USER_PATHS = NO;
				ARCHS = "$(ARCHS_UNIVERSAL_IPHONE_OS)";
				"CODE_SIGN_IDENTITY[sdk=iphoneos*]" = "iPhone Developer";
				COPY_PHASE_STRIP = NO;
				GCC_C_LANGUAGE_STANDARD = gnu99;
				GCC_DYNAMIC_NO_PIC = NO;
				GCC_OPTIMIZATION_LEVEL = 0;
				GCC_PREPROCESSOR_DEFINITIONS = (
					"DEBUG=1",
					"$(inherited)",
				);
				GCC_SYMBOLS_PRIVATE_EXTERN = NO;
				GCC_VERSION = com.apple.compilers.llvmgcc42;
				GCC_WARN_ABOUT_MISSING_PROTOTYPES = YES;
				GCC_WARN_ABOUT_RETURN_TYPE = YES;
				GCC_WARN_UNUSED_VARIABLE = YES;
				IPHONEOS_DEPLOYMENT_TARGET = 4.3;
				SDKROOT = iphoneos;
				TARGETED_DEVICE_FAMILY = 2;
			};
			name = Debug;
		};
		9CB9EFDD141A2641003B990E /* Release */ = {
			isa = XCBuildConfiguration;
			buildSettings = {
				ALWAYS_SEARCH_USER_PATHS = NO;
				ARCHS = "$(ARCHS_UNIVERSAL_IPHONE_OS)";
				"CODE_SIGN_IDENTITY[sdk=iphoneos*]" = "iPhone Developer";
				COPY_PHASE_STRIP = YES;
				GCC_C_LANGUAGE_STANDARD = gnu99;
				GCC_VERSION = com.apple.compilers.llvmgcc42;
				GCC_WARN_ABOUT_MISSING_PROTOTYPES = YES;
				GCC_WARN_ABOUT_RETURN_TYPE = YES;
				GCC_WARN_UNUSED_VARIABLE = YES;
				IPHONEOS_DEPLOYMENT_TARGET = 4.3;
				OTHER_CFLAGS = "-DNS_BLOCK_ASSERTIONS=1";
				SDKROOT = iphoneos;
				TARGETED_DEVICE_FAMILY = 2;
				VALIDATE_PRODUCT = YES;
			};
			name = Release;
		};
		9CB9EFDF141A2641003B990E /* Debug */ = {
			isa = XCBuildConfiguration;
			buildSettings = {
				GCC_PRECOMPILE_PREFIX_HEADER = YES;
				GCC_PREFIX_HEADER = "ABPadLockScreen/ABPadLockScreen-Prefix.pch";
				INFOPLIST_FILE = "ABPadLockScreen/ABPadLockScreen-Info.plist";
				PRODUCT_NAME = "$(TARGET_NAME)";
				WRAPPER_EXTENSION = app;
			};
			name = Debug;
		};
		9CB9EFE0141A2641003B990E /* Release */ = {
			isa = XCBuildConfiguration;
			buildSettings = {
				GCC_PRECOMPILE_PREFIX_HEADER = YES;
				GCC_PREFIX_HEADER = "ABPadLockScreen/ABPadLockScreen-Prefix.pch";
				INFOPLIST_FILE = "ABPadLockScreen/ABPadLockScreen-Info.plist";
				PRODUCT_NAME = "$(TARGET_NAME)";
				WRAPPER_EXTENSION = app;
			};
			name = Release;
		};
/* End XCBuildConfiguration section */

/* Begin XCConfigurationList section */
		9CB9EFB7141A2641003B990E /* Build configuration list for PBXProject "ABPadLockScreen" */ = {
			isa = XCConfigurationList;
			buildConfigurations = (
				9CB9EFDC141A2641003B990E /* Debug */,
				9CB9EFDD141A2641003B990E /* Release */,
			);
			defaultConfigurationIsVisible = 0;
			defaultConfigurationName = Release;
		};
		9CB9EFDE141A2641003B990E /* Build configuration list for PBXNativeTarget "ABPadLockScreen" */ = {
			isa = XCConfigurationList;
			buildConfigurations = (
				9CB9EFDF141A2641003B990E /* Debug */,
				9CB9EFE0141A2641003B990E /* Release */,
			);
			defaultConfigurationIsVisible = 0;
			defaultConfigurationName = Release;
		};
/* End XCConfigurationList section */
	};
	rootObject = 9CB9EFB4141A2641003B990E /* Project object */;
}
